
Microsoft Visual Studio Solution File, Format Version 12.00
# Visual Studio 2013
VisualStudioVersion = 12.0.30501.0
MinimumVisualStudioVersion = 10.0.40219.1
Project("{FAE04EC0-301F-11D3-BF4B-00C04F79EFBC}") = "fr.epsi.group.multitech.dataAccess", "fr.epsi.group.multitech.dataAccess\fr.epsi.group.multitech.dataAccess.csproj", "{E9AB96E6-D39E-47FE-AEAC-859F660814C5}"
EndProject
Project("{FAE04EC0-301F-11D3-BF4B-00C04F79EFBC}") = "fr.epsi.group.multitech.DataAccessTest", "fr.epsi.group.multitech.DataAccessTest\fr.epsi.group.multitech.DataAccessTest.csproj", "{0C1E2C7F-B4F9-460B-B41C-270A53F0F10F}"
EndProject
Global
	GlobalSection(SolutionConfigurationPlatforms) = preSolution
		Debug|Any CPU = Debug|Any CPU
		Release|Any CPU = Release|Any CPU
	EndGlobalSection
	GlobalSection(ProjectConfigurationPlatforms) = postSolution
		{E9AB96E6-D39E-47FE-AEAC-859F660814C5}.Debug|Any CPU.ActiveCfg = Debug|Any CPU
		{E9AB96E6-D39E-47FE-AEAC-859F660814C5}.Debug|Any CPU.Build.0 = Debug|Any CPU
		{E9AB96E6-D39E-47FE-AEAC-859F660814C5}.Release|Any CPU.ActiveCfg = Release|Any CPU
		{E9AB96E6-D39E-47FE-AEAC-859F660814C5}.Release|Any CPU.Build.0 = Release|Any CPU
		{0C1E2C7F-B4F9-460B-B41C-270A53F0F10F}.Debug|Any CPU.ActiveCfg = Debug|Any CPU
		{0C1E2C7F-B4F9-460B-B41C-270A53F0F10F}.Debug|Any CPU.Build.0 = Debug|Any CPU
		{0C1E2C7F-B4F9-460B-B41C-270A53F0F10F}.Release|Any CPU.ActiveCfg = Release|Any CPU
		{0C1E2C7F-B4F9-460B-B41C-270A53F0F10F}.Release|Any CPU.Build.0 = Release|Any CPU
	EndGlobalSection
	GlobalSection(SolutionProperties) = preSolution
		HideSolutionNode = FALSE
	EndGlobalSection
EndGlobal
